# THIS IS AN AUTOGENERATED FILE. DO NOT EDIT THIS FILE DIRECTLY.
# yarn lockfile v1


"@cloudflare/workers-types@^4.20231025.0":
  version "4.20231025.0"
  resolved "https://registry.yarnpkg.com/@cloudflare/workers-types/-/workers-types-4.20231025.0.tgz#ac4d7e6a346670774a7d36cce1444786607f8dfe"
  integrity sha512-TkcZkntUTOcvJ4vgmwpNfLTclpMbmbClZCe62B25/VTukmyv91joRa4eKzSjzCZUXTbFHNmVdOpmGaaJU2U3+A==

"@types/bcrypt@^5.0.1":
  version "5.0.2"
  resolved "https://registry.yarnpkg.com/@types/bcrypt/-/bcrypt-5.0.2.tgz#22fddc11945ea4fbc3655b3e8b8847cc9f811477"
  integrity sha512-6atioO8Y75fNcbmj0G7UjI9lXN2pQ/IGJ2FWT4a/btd0Lk9lQalHLKhkgKVZ3r+spnmWUKfbMi1GEe9wyHQfNQ==
  dependencies:
    "@types/node" "*"

"@types/node@*", "@types/node@^20.8.10":
  version "20.8.10"
  resolved "https://registry.yarnpkg.com/@types/node/-/node-20.8.10.tgz#a5448b895c753ae929c26ce85cab557c6d4a365e"
  integrity sha512-TlgT8JntpcbmKUFzjhsyhGfP2fsiz1Mv56im6enJ905xG1DAYesxJaeSbGqQmAw8OWPdhyJGhGSQGKRNJ45u9w==
  dependencies:
    undici-types "~5.26.4"

"@types/node@^17.0.40":
  version "17.0.45"
  resolved "https://registry.npmjs.org/@types/node/-/node-17.0.45.tgz"
  integrity sha512-w+tIMs3rq2afQdsPJlODhoUEKzFP1ayaoyl1CcnwtIlsVe7K7bA1NGm4s3PraqTLlXnbIN84zuBlxBWo1u9BLw==

asynckit@^0.4.0:
  version "0.4.0"
  resolved "https://registry.yarnpkg.com/asynckit/-/asynckit-0.4.0.tgz#c79ed97f7f34cb8f2ba1bc9790bcc366474b4b79"
  integrity sha512-Oei9OH4tRh0YqU3GxhX79dM/mwVgvbZJaSNaRk+bshkj0S5cfHcgYakreBjrHwatXKbz+IoIdYLxrKim2MjW0Q==

axios@^1.5.0:
  version "1.6.2"
  resolved "https://registry.yarnpkg.com/axios/-/axios-1.6.2.tgz#de67d42c755b571d3e698df1b6504cde9b0ee9f2"
  integrity sha512-7i24Ri4pmDRfJTR7LDBhsOTtcm+9kjX5WiY1X3wIisx6G9So3pfMkEiU7emUBe46oceVImccTEM3k6C5dbVW8A==
  dependencies:
    follow-redirects "^1.15.0"
    form-data "^4.0.0"
    proxy-from-env "^1.1.0"

brotli-compress@^1.3.3:
  version "1.3.3"
  resolved "https://registry.npmjs.org/brotli-compress/-/brotli-compress-1.3.3.tgz"
  integrity sha512-cwKOmzEuKqUmRxXDdZimiNoXRRr7AQKMSubJSbYA9FXk+LTPT3fBGpHU8VZRZZctAJ5OCeXGK9PzPpZ1vD0pDA==
  dependencies:
    "@types/node" "^17.0.40"
    brotli-wasm "1.2.0"

brotli-wasm@1.2.0:
  version "1.2.0"
  resolved "https://registry.npmjs.org/brotli-wasm/-/brotli-wasm-1.2.0.tgz"
  integrity sha512-PdDi7awF36zFujZyFJb9UNrP1l+If7iCgXhLKE1SpwqFQSK2yc7w2dysOmME7p325yQaZNvae7ruzypB3YhFxA==

clean-semver@^2.1.0:
  version "2.1.0"
  resolved "https://registry.npmjs.org/clean-semver/-/clean-semver-2.1.0.tgz"
  integrity sha512-a5sIRLwP078fc3/AEDfSxD8GmMBJlxYCUnRfXjldyy9RjwXxNVuK9hLwDar4sceJhZp6G+66ukNZsVFIqN28jg==
  dependencies:
    semver "^7.3.2"

combined-stream@^1.0.8:
  version "1.0.8"
  resolved "https://registry.yarnpkg.com/combined-stream/-/combined-stream-1.0.8.tgz#c3d45a8b34fd730631a110a8a2520682b31d5a7f"
  integrity sha512-FQN4MRfuJeHf7cBbBMJFXhKSDq+2kAArBlmRBvcvFE5BB1HZKXtSFASDhdlz9zOYwxh8lDdnvmMOe/+5cdoEdg==
  dependencies:
    delayed-stream "~1.0.0"

delayed-stream@~1.0.0:
  version "1.0.0"
  resolved "https://registry.yarnpkg.com/delayed-stream/-/delayed-stream-1.0.0.tgz#df3ae199acadfb7d440aaae0b29e2272b24ec619"
  integrity sha512-ZySD7Nf91aLB0RxL4KGrKHBXl7Eds1DAmEdcoVawXnLD7SDhpNgtuII2aAkg7a7QS41jxPSZ17p4VdGnMHk3MQ==

follow-redirects@^1.15.0:
  version "1.15.3"
  resolved "https://registry.yarnpkg.com/follow-redirects/-/follow-redirects-1.15.3.tgz#fe2f3ef2690afce7e82ed0b44db08165b207123a"
  integrity sha512-1VzOtuEM8pC9SFU1E+8KfTjZyMztRsgEfwQl44z8A25uy13jSzTj6dyK2Df52iV0vgHCfBwLhDWevLn95w5v6Q==

form-data@^4.0.0:
  version "4.0.0"
  resolved "https://registry.yarnpkg.com/form-data/-/form-data-4.0.0.tgz#93919daeaf361ee529584b9b31664dc12c9fa452"
  integrity sha512-ETEklSGi5t0QMZuiXoA/Q6vcnxcLQP5vdugSpuAyi6SVGi2clPPp+xgEhuMaHC+zGgn31Kd235W35f7Hykkaww==
  dependencies:
    asynckit "^0.4.0"
    combined-stream "^1.0.8"
    mime-types "^2.1.12"

hono@^3.9.2:
  version "3.10.0"
  resolved "https://registry.yarnpkg.com/hono/-/hono-3.10.0.tgz#e44cb6df0b69f82e0783fcc6d2ab47043f0cf988"
  integrity sha512-rN8PNMt66U58Qj3+L8gr7EsaYnj56cBDS2MjhUnMgDaXoyw44/OeFDsmXXzn/YQ7CAWeENC3Dq/kp+4RJSNE3Q==

jose@^5.1.0:
  version "5.1.1"
  resolved "https://registry.yarnpkg.com/jose/-/jose-5.1.1.tgz#d61b923baa6bdeb01040afae8295a084c4b9eb58"
  integrity sha512-bfB+lNxowY49LfrBO0ITUn93JbUhxUN8I11K6oI5hJu/G6PO6fEUddVLjqdD0cQ9SXIHWXuWh7eJYwZF7Z0N/g==

latest-semver@^4.0.0:
  version "4.0.0"
  resolved "https://registry.npmjs.org/latest-semver/-/latest-semver-4.0.0.tgz"
  integrity sha512-flUamL125jFTL9xLuEI/hvzdMhBGCUOwqT3Y2km3fyDiiEFaEnlfwiuxUvQ7BhHdwXWLrqXTytX3UNNd095kxA==
  dependencies:
    to-semver "^4.0.0"

lru-cache@^6.0.0:
  version "6.0.0"
  resolved "https://registry.npmjs.org/lru-cache/-/lru-cache-6.0.0.tgz"
  integrity sha512-Jo6dJ04CmSjuznwJSS3pUeWmd/H0ffTlkXXgwZi+eq1UCmqQwCh+eLsYOYCwY991i2Fah4h1BEMCx4qThGbsiA==
  dependencies:
    yallist "^4.0.0"

mime-db@1.52.0:
  version "1.52.0"
  resolved "https://registry.yarnpkg.com/mime-db/-/mime-db-1.52.0.tgz#bbabcdc02859f4987301c856e3387ce5ec43bf70"
  integrity sha512-sPU4uV7dYlvtWJxwwxHD0PuihVNiE7TyAbQ5SWxDCB9mUYvOgroQOwYQQOKPJ8CIbE+1ETVlOoK1UC2nU3gYvg==

mime-types@^2.1.12:
  version "2.1.35"
  resolved "https://registry.yarnpkg.com/mime-types/-/mime-types-2.1.35.tgz#381a871b62a734450660ae3deee44813f70d959a"
  integrity sha512-ZDY+bPm5zTTF+YpCrAU9nK0UgICYPT0QtT1NZWFv4s++TNkcgVaT0g6+4R2uI4MjQjzysHB1zxuWL50hzaeXiw==
  dependencies:
    mime-db "1.52.0"

proxy-from-env@^1.1.0:
  version "1.1.0"
  resolved "https://registry.yarnpkg.com/proxy-from-env/-/proxy-from-env-1.1.0.tgz#e102f16ca355424865755d2c9e8ea4f24d58c3e2"
  integrity sha512-D+zkORCbA9f1tdWRK0RaCR3GPv50cMxcrz4X8k5LTSUD1Dkw47mKJEZQNunItRTkWwgtaUSo1RVFRIG9ZXiFYg==

semver@^7.3.2, semver@^7.3.5:
  version "7.5.3"
  resolved "https://registry.npmjs.org/semver/-/semver-7.5.3.tgz"
  integrity sha512-QBlUtyVk/5EeHbi7X0fw6liDZc7BBmEaSYn01fMU1OUYbf6GPsbTtd8WmnqbI20SeycoHSeiybkE/q1Q+qlThQ==
  dependencies:
    lru-cache "^6.0.0"

to-semver@^4.0.0:
  version "4.0.0"
  resolved "https://registry.npmjs.org/to-semver/-/to-semver-4.0.0.tgz"
  integrity sha512-qARDZe0teB+/7EXkXE2cWnQddhLzunD72n+LGvSOHvti21kk9YHUSOjJpWDTLJ44MP7VNWFzo5n10PUwr2r3zA==
  dependencies:
    clean-semver "^2.1.0"
    semver "^7.3.5"

typescript@^5.2.2:
  version "5.2.2"
  resolved "https://registry.yarnpkg.com/typescript/-/typescript-5.2.2.tgz#5ebb5e5a5b75f085f22bc3f8460fba308310fa78"
  integrity sha512-mI4WrpHsbCIcwT9cF4FZvr80QUeKvsUsUvKDoR+X/7XHQH98xYD8YHZg7ANtz2GtZt/CBq2QJ0thkGJMHfqc1w==

undici-types@~5.26.4:
  version "5.26.5"
  resolved "https://registry.yarnpkg.com/undici-types/-/undici-types-5.26.5.tgz#bcd539893d00b56e964fd2657a4866b221a65617"
  integrity sha512-JlCMO+ehdEIKqlFxk6IfVoAUVmgz7cU7zD/h9XZ0qzeosSHmUJVOzSQvvYSYWXkFXC+IfLKSIffhv0sVZup6pA==

yallist@^4.0.0:
  version "4.0.0"
  resolved "https://registry.npmjs.org/yallist/-/yallist-4.0.0.tgz"
  integrity sha512-3wdGidZyq5PB084XLES5TpOSRA3wjXAlIWMhum2kRcv/41Sn2emQ0dycQW4uZXLejwKvg6EsvbdlVL+FYEct7A==
